
Microsoft Visual Studio Solution File, Format Version 12.00
# Visual Studio Version 17
VisualStudioVersion = 17.2.32526.322
MinimumVisualStudioVersion = 10.0.40219.1
Project("{FAE04EC0-301F-11D3-BF4B-00C04F79EFBC}") = "OperatorOverloading", "OperatorOverloading\OperatorOverloading.csproj", "{5FF865F0-7C36-487E-8FF1-A8FAB223D09F}"
EndProject
Global
	GlobalSection(SolutionConfigurationPlatforms) = preSolution
		Debug|Any CPU = Debug|Any CPU
		Release|Any CPU = Release|Any CPU
	EndGlobalSection
	GlobalSection(ProjectConfigurationPlatforms) = postSolution
		{5FF865F0-7C36-487E-8FF1-A8FAB223D09F}.Debug|Any CPU.ActiveCfg = Debug|Any CPU
		{5FF865F0-7C36-487E-8FF1-A8FAB223D09F}.Debug|Any CPU.Build.0 = Debug|Any CPU
		{5FF865F0-7C36-487E-8FF1-A8FAB223D09F}.Release|Any CPU.ActiveCfg = Release|Any CPU
		{5FF865F0-7C36-487E-8FF1-A8FAB223D09F}.Release|Any CPU.Build.0 = Release|Any CPU
	EndGlobalSection
	GlobalSection(SolutionProperties) = preSolution
		HideSolutionNode = FALSE
	EndGlobalSection
	GlobalSection(ExtensibilityGlobals) = postSolution
		SolutionGuid = {D6FE4358-35C9-458A-B934-0F94C02DA2A0}
	EndGlobalSection
EndGlobal
